
Microsoft Visual Studio Solution File, Format Version 12.00
# Visual Studio 15
VisualStudioVersion = 15.0.27130.2036
MinimumVisualStudioVersion = 10.0.40219.1
Project("{FAE04EC0-301F-11D3-BF4B-00C04F79EFBC}") = "AbstractFactoryMode", "AbstractFactoryMode\AbstractFactoryMode.csproj", "{50E1DEF1-4365-4067-B447-206AA0D9A251}"
EndProject
Project("{2150E333-8FDC-42A3-9474-1A3956D46DE8}") = "Solution Items", "Solution Items", "{47A3C4D0-48B1-497F-BCC1-A25980AFA056}"
	ProjectSection(SolutionItems) = preProject
		README.txt = README.txt
	EndProjectSection
EndProject
Global
	GlobalSection(SolutionConfigurationPlatforms) = preSolution
		Debug|Any CPU = Debug|Any CPU
		Release|Any CPU = Release|Any CPU
	EndGlobalSection
	GlobalSection(ProjectConfigurationPlatforms) = postSolution
		{50E1DEF1-4365-4067-B447-206AA0D9A251}.Debug|Any CPU.ActiveCfg = Debug|Any CPU
		{50E1DEF1-4365-4067-B447-206AA0D9A251}.Debug|Any CPU.Build.0 = Debug|Any CPU
		{50E1DEF1-4365-4067-B447-206AA0D9A251}.Release|Any CPU.ActiveCfg = Release|Any CPU
		{50E1DEF1-4365-4067-B447-206AA0D9A251}.Release|Any CPU.Build.0 = Release|Any CPU
	EndGlobalSection
	GlobalSection(SolutionProperties) = preSolution
		HideSolutionNode = FALSE
	EndGlobalSection
	GlobalSection(ExtensibilityGlobals) = postSolution
		SolutionGuid = {5790B512-981D-48BD-B4AB-C435BC90BCC6}
	EndGlobalSection
EndGlobal
