
Microsoft Visual Studio Solution File, Format Version 12.00
# Visual Studio 15
VisualStudioVersion = 15.0.27130.2036
MinimumVisualStudioVersion = 10.0.40219.1
Project("{FAE04EC0-301F-11D3-BF4B-00C04F79EFBC}") = "SingletonMode", "SingletonMode\SingletonMode.csproj", "{662FFE58-0BED-41BA-956F-37CEBF276F82}"
EndProject
Global
	GlobalSection(SolutionConfigurationPlatforms) = preSolution
		Debug|Any CPU = Debug|Any CPU
		Release|Any CPU = Release|Any CPU
	EndGlobalSection
	GlobalSection(ProjectConfigurationPlatforms) = postSolution
		{662FFE58-0BED-41BA-956F-37CEBF276F82}.Debug|Any CPU.ActiveCfg = Debug|Any CPU
		{662FFE58-0BED-41BA-956F-37CEBF276F82}.Debug|Any CPU.Build.0 = Debug|Any CPU
		{662FFE58-0BED-41BA-956F-37CEBF276F82}.Release|Any CPU.ActiveCfg = Release|Any CPU
		{662FFE58-0BED-41BA-956F-37CEBF276F82}.Release|Any CPU.Build.0 = Release|Any CPU
	EndGlobalSection
	GlobalSection(SolutionProperties) = preSolution
		HideSolutionNode = FALSE
	EndGlobalSection
	GlobalSection(ExtensibilityGlobals) = postSolution
		SolutionGuid = {F8667A87-5985-48E2-A38A-E1CA9167C096}
	EndGlobalSection
EndGlobal
